
Microsoft Visual Studio Solution File, Format Version 12.00
# Visual Studio Version 17
VisualStudioVersion = 17.12.35309.182
MinimumVisualStudioVersion = 10.0.40219.1
Project("{FAE04EC0-301F-11D3-BF4B-00C04F79EFBC}") = "SalamaTravelApis", "SalamaTravelApis.csproj", "{9C046EBA-F7CD-48B3-A683-9D55FB6D8EAD}"
EndProject
Project("{FAE04EC0-301F-11D3-BF4B-00C04F79EFBC}") = "SalamaTravelBL", "..\SalamaTravelBL\SalamaTravelBL.csproj", "{2AD59753-8F98-4C50-88F3-D1048193781C}"
EndProject
Project("{FAE04EC0-301F-11D3-BF4B-00C04F79EFBC}") = "SalamaTravelDataLayer", "..\SalamaTravelDataLayer\SalamaTravelDataLayer.csproj", "{D8E642C9-5782-4013-9890-20E9211FCA98}"
EndProject
Global
	GlobalSection(SolutionConfigurationPlatforms) = preSolution
		Debug|Any CPU = Debug|Any CPU
		Release|Any CPU = Release|Any CPU
	EndGlobalSection
	GlobalSection(ProjectConfigurationPlatforms) = postSolution
		{9C046EBA-F7CD-48B3-A683-9D55FB6D8EAD}.Debug|Any CPU.ActiveCfg = Debug|Any CPU
		{9C046EBA-F7CD-48B3-A683-9D55FB6D8EAD}.Debug|Any CPU.Build.0 = Debug|Any CPU
		{9C046EBA-F7CD-48B3-A683-9D55FB6D8EAD}.Release|Any CPU.ActiveCfg = Release|Any CPU
		{9C046EBA-F7CD-48B3-A683-9D55FB6D8EAD}.Release|Any CPU.Build.0 = Release|Any CPU
		{2AD59753-8F98-4C50-88F3-D1048193781C}.Debug|Any CPU.ActiveCfg = Debug|Any CPU
		{2AD59753-8F98-4C50-88F3-D1048193781C}.Debug|Any CPU.Build.0 = Debug|Any CPU
		{2AD59753-8F98-4C50-88F3-D1048193781C}.Release|Any CPU.ActiveCfg = Release|Any CPU
		{2AD59753-8F98-4C50-88F3-D1048193781C}.Release|Any CPU.Build.0 = Release|Any CPU
		{D8E642C9-5782-4013-9890-20E9211FCA98}.Debug|Any CPU.ActiveCfg = Debug|Any CPU
		{D8E642C9-5782-4013-9890-20E9211FCA98}.Debug|Any CPU.Build.0 = Debug|Any CPU
		{D8E642C9-5782-4013-9890-20E9211FCA98}.Release|Any CPU.ActiveCfg = Release|Any CPU
		{D8E642C9-5782-4013-9890-20E9211FCA98}.Release|Any CPU.Build.0 = Release|Any CPU
	EndGlobalSection
	GlobalSection(SolutionProperties) = preSolution
		HideSolutionNode = FALSE
	EndGlobalSection
	GlobalSection(ExtensibilityGlobals) = postSolution
		SolutionGuid = {A25C6E5C-76DE-4D6A-B368-A40E61892D60}
	EndGlobalSection
EndGlobal
